
Microsoft Visual Studio Solution File, Format Version 12.00
Project("{2150E333-8FDC-42A3-9474-1A3956D46DE8}") = "Solution Items", "Solution Items", "{EEEEEEEE-EEEE-EEEE-EEEE-EEEEEEEEEEEE}"
	ProjectSection(SolutionItems) = preProject
		.gitignore = .gitignore
		CHANGELOG.md = CHANGELOG.md
		README.md = README.md
		build\appsettings.json = build\appsettings.json
	EndProjectSection
EndProject
Project("{2150E333-8FDC-42A3-9474-1A3956D46DE8}") = "Automation", "Automation", "{FFFFFFFF-FFFF-FFFF-FFFF-FFFFFFFFFFFF}"
EndProject
Project("{9A19103F-16F7-4668-BE54-9A1E7A4F7556}") = "Build", "build\Build.csproj", "{5520CDDC-4A92-440F-9AAE-976E0DE1EB80}"
EndProject
Project("{9A19103F-16F7-4668-BE54-9A1E7A4F7556}") = "Installer", "install\Installer.csproj", "{8980071E-2DD3-44A6-B4CB-EBA97FA20EDF}"
EndProject
Project("{2150E333-8FDC-42A3-9474-1A3956D46DE8}") = "source", "source", "{B8EFCA5F-814F-285C-A8CB-F00F14650265}"
EndProject
Project("{FAE04EC0-301F-11D3-BF4B-00C04F79EFBC}") = "MonitorGrids", "source\MonitorGrids\MonitorGrids.csproj", "{6E3A6CAB-6B14-4AC0-9D5E-C9C43895BC79}"
EndProject
Global
	GlobalSection(SolutionConfigurationPlatforms) = preSolution
		Debug.R23|Any CPU = Debug.R23|Any CPU
		Debug.R23|x64 = Debug.R23|x64
		Debug.R23|x86 = Debug.R23|x86
		Debug.R24|Any CPU = Debug.R24|Any CPU
		Debug.R24|x64 = Debug.R24|x64
		Debug.R24|x86 = Debug.R24|x86
		Debug.R25|Any CPU = Debug.R25|Any CPU
		Debug.R25|x64 = Debug.R25|x64
		Debug.R25|x86 = Debug.R25|x86
		Debug.R26|Any CPU = Debug.R26|Any CPU
		Debug.R26|x64 = Debug.R26|x64
		Debug.R26|x86 = Debug.R26|x86
		Debug.R27|Any CPU = Debug.R27|Any CPU
		Debug.R27|x64 = Debug.R27|x64
		Debug.R27|x86 = Debug.R27|x86
		Release.R23|Any CPU = Release.R23|Any CPU
		Release.R23|x64 = Release.R23|x64
		Release.R23|x86 = Release.R23|x86
		Release.R24|Any CPU = Release.R24|Any CPU
		Release.R24|x64 = Release.R24|x64
		Release.R24|x86 = Release.R24|x86
		Release.R25|Any CPU = Release.R25|Any CPU
		Release.R25|x64 = Release.R25|x64
		Release.R25|x86 = Release.R25|x86
		Release.R26|Any CPU = Release.R26|Any CPU
		Release.R26|x64 = Release.R26|x64
		Release.R26|x86 = Release.R26|x86
		Release.R27|Any CPU = Release.R27|Any CPU
		Release.R27|x64 = Release.R27|x64
		Release.R27|x86 = Release.R27|x86
		Debug|Any CPU = Debug|Any CPU
		Debug|x64 = Debug|x64
		Debug|x86 = Debug|x86
		Release|Any CPU = Release|Any CPU
		Release|x64 = Release|x64
		Release|x86 = Release|x86
	EndGlobalSection
	GlobalSection(ProjectConfigurationPlatforms) = postSolution
		{5520CDDC-4A92-440F-9AAE-976E0DE1EB80}.Debug.R23|Any CPU.ActiveCfg = Debug|Any CPU
		{5520CDDC-4A92-440F-9AAE-976E0DE1EB80}.Debug.R23|x64.ActiveCfg = Debug.R23|Any CPU
		{5520CDDC-4A92-440F-9AAE-976E0DE1EB80}.Debug.R23|x64.Build.0 = Debug.R23|Any CPU
		{5520CDDC-4A92-440F-9AAE-976E0DE1EB80}.Debug.R23|x86.ActiveCfg = Debug.R23|Any CPU
		{5520CDDC-4A92-440F-9AAE-976E0DE1EB80}.Debug.R23|x86.Build.0 = Debug.R23|Any CPU
		{5520CDDC-4A92-440F-9AAE-976E0DE1EB80}.Debug.R24|Any CPU.ActiveCfg = Debug|Any CPU
		{5520CDDC-4A92-440F-9AAE-976E0DE1EB80}.Debug.R24|x64.ActiveCfg = Debug.R24|Any CPU
		{5520CDDC-4A92-440F-9AAE-976E0DE1EB80}.Debug.R24|x64.Build.0 = Debug.R24|Any CPU
		{5520CDDC-4A92-440F-9AAE-976E0DE1EB80}.Debug.R24|x86.ActiveCfg = Debug.R24|Any CPU
		{5520CDDC-4A92-440F-9AAE-976E0DE1EB80}.Debug.R24|x86.Build.0 = Debug.R24|Any CPU
		{5520CDDC-4A92-440F-9AAE-976E0DE1EB80}.Debug.R25|Any CPU.ActiveCfg = Debug|Any CPU
		{5520CDDC-4A92-440F-9AAE-976E0DE1EB80}.Debug.R25|x64.ActiveCfg = Debug.R25|Any CPU
		{5520CDDC-4A92-440F-9AAE-976E0DE1EB80}.Debug.R25|x64.Build.0 = Debug.R25|Any CPU
		{5520CDDC-4A92-440F-9AAE-976E0DE1EB80}.Debug.R25|x86.ActiveCfg = Debug.R25|Any CPU
		{5520CDDC-4A92-440F-9AAE-976E0DE1EB80}.Debug.R25|x86.Build.0 = Debug.R25|Any CPU
		{5520CDDC-4A92-440F-9AAE-976E0DE1EB80}.Debug.R26|Any CPU.ActiveCfg = Debug|Any CPU
		{5520CDDC-4A92-440F-9AAE-976E0DE1EB80}.Debug.R26|x64.ActiveCfg = Debug.R26|Any CPU
		{5520CDDC-4A92-440F-9AAE-976E0DE1EB80}.Debug.R26|x64.Build.0 = Debug.R26|Any CPU
		{5520CDDC-4A92-440F-9AAE-976E0DE1EB80}.Debug.R26|x86.ActiveCfg = Debug.R26|Any CPU
		{5520CDDC-4A92-440F-9AAE-976E0DE1EB80}.Debug.R26|x86.Build.0 = Debug.R26|Any CPU
		{5520CDDC-4A92-440F-9AAE-976E0DE1EB80}.Debug.R27|Any CPU.ActiveCfg = Debug|Any CPU
		{5520CDDC-4A92-440F-9AAE-976E0DE1EB80}.Debug.R27|x64.ActiveCfg = Debug.R27|Any CPU
		{5520CDDC-4A92-440F-9AAE-976E0DE1EB80}.Debug.R27|x64.Build.0 = Debug.R27|Any CPU
		{5520CDDC-4A92-440F-9AAE-976E0DE1EB80}.Debug.R27|x86.ActiveCfg = Debug.R27|Any CPU
		{5520CDDC-4A92-440F-9AAE-976E0DE1EB80}.Debug.R27|x86.Build.0 = Debug.R27|Any CPU
		{5520CDDC-4A92-440F-9AAE-976E0DE1EB80}.Release.R23|Any CPU.ActiveCfg = Release|Any CPU
		{5520CDDC-4A92-440F-9AAE-976E0DE1EB80}.Release.R23|x64.ActiveCfg = Release.R23|Any CPU
		{5520CDDC-4A92-440F-9AAE-976E0DE1EB80}.Release.R23|x64.Build.0 = Release.R23|Any CPU
		{5520CDDC-4A92-440F-9AAE-976E0DE1EB80}.Release.R23|x86.ActiveCfg = Release.R23|Any CPU
		{5520CDDC-4A92-440F-9AAE-976E0DE1EB80}.Release.R23|x86.Build.0 = Release.R23|Any CPU
		{5520CDDC-4A92-440F-9AAE-976E0DE1EB80}.Release.R24|Any CPU.ActiveCfg = Release|Any CPU
		{5520CDDC-4A92-440F-9AAE-976E0DE1EB80}.Release.R24|x64.ActiveCfg = Release.R24|Any CPU
		{5520CDDC-4A92-440F-9AAE-976E0DE1EB80}.Release.R24|x64.Build.0 = Release.R24|Any CPU
		{5520CDDC-4A92-440F-9AAE-976E0DE1EB80}.Release.R24|x86.ActiveCfg = Release.R24|Any CPU
		{5520CDDC-4A92-440F-9AAE-976E0DE1EB80}.Release.R24|x86.Build.0 = Release.R24|Any CPU
		{5520CDDC-4A92-440F-9AAE-976E0DE1EB80}.Release.R25|Any CPU.ActiveCfg = Release|Any CPU
		{5520CDDC-4A92-440F-9AAE-976E0DE1EB80}.Release.R25|x64.ActiveCfg = Release.R25|Any CPU
		{5520CDDC-4A92-440F-9AAE-976E0DE1EB80}.Release.R25|x64.Build.0 = Release.R25|Any CPU
		{5520CDDC-4A92-440F-9AAE-976E0DE1EB80}.Release.R25|x86.ActiveCfg = Release.R25|Any CPU
		{5520CDDC-4A92-440F-9AAE-976E0DE1EB80}.Release.R25|x86.Build.0 = Release.R25|Any CPU
		{5520CDDC-4A92-440F-9AAE-976E0DE1EB80}.Release.R26|Any CPU.ActiveCfg = Release|Any CPU
		{5520CDDC-4A92-440F-9AAE-976E0DE1EB80}.Release.R26|x64.ActiveCfg = Release.R26|Any CPU
		{5520CDDC-4A92-440F-9AAE-976E0DE1EB80}.Release.R26|x64.Build.0 = Release.R26|Any CPU
		{5520CDDC-4A92-440F-9AAE-976E0DE1EB80}.Release.R26|x86.ActiveCfg = Release.R26|Any CPU
		{5520CDDC-4A92-440F-9AAE-976E0DE1EB80}.Release.R26|x86.Build.0 = Release.R26|Any CPU
		{5520CDDC-4A92-440F-9AAE-976E0DE1EB80}.Release.R27|Any CPU.ActiveCfg = Release|Any CPU
		{5520CDDC-4A92-440F-9AAE-976E0DE1EB80}.Release.R27|x64.ActiveCfg = Release.R27|Any CPU
		{5520CDDC-4A92-440F-9AAE-976E0DE1EB80}.Release.R27|x64.Build.0 = Release.R27|Any CPU
		{5520CDDC-4A92-440F-9AAE-976E0DE1EB80}.Release.R27|x86.ActiveCfg = Release.R27|Any CPU
		{5520CDDC-4A92-440F-9AAE-976E0DE1EB80}.Release.R27|x86.Build.0 = Release.R27|Any CPU
		{5520CDDC-4A92-440F-9AAE-976E0DE1EB80}.Debug|Any CPU.ActiveCfg = Debug|Any CPU
		{5520CDDC-4A92-440F-9AAE-976E0DE1EB80}.Debug|Any CPU.Build.0 = Debug|Any CPU
		{5520CDDC-4A92-440F-9AAE-976E0DE1EB80}.Debug|x64.ActiveCfg = Debug|Any CPU
		{5520CDDC-4A92-440F-9AAE-976E0DE1EB80}.Debug|x64.Build.0 = Debug|Any CPU
		{5520CDDC-4A92-440F-9AAE-976E0DE1EB80}.Debug|x86.ActiveCfg = Debug|Any CPU
		{5520CDDC-4A92-440F-9AAE-976E0DE1EB80}.Debug|x86.Build.0 = Debug|Any CPU
		{5520CDDC-4A92-440F-9AAE-976E0DE1EB80}.Release|Any CPU.ActiveCfg = Release|Any CPU
		{5520CDDC-4A92-440F-9AAE-976E0DE1EB80}.Release|Any CPU.Build.0 = Release|Any CPU
		{5520CDDC-4A92-440F-9AAE-976E0DE1EB80}.Release|x64.ActiveCfg = Release|Any CPU
		{5520CDDC-4A92-440F-9AAE-976E0DE1EB80}.Release|x64.Build.0 = Release|Any CPU
		{5520CDDC-4A92-440F-9AAE-976E0DE1EB80}.Release|x86.ActiveCfg = Release|Any CPU
		{5520CDDC-4A92-440F-9AAE-976E0DE1EB80}.Release|x86.Build.0 = Release|Any CPU
		{8980071E-2DD3-44A6-B4CB-EBA97FA20EDF}.Debug.R23|Any CPU.ActiveCfg = Debug|Any CPU
		{8980071E-2DD3-44A6-B4CB-EBA97FA20EDF}.Debug.R23|x64.ActiveCfg = Debug.R23|Any CPU
		{8980071E-2DD3-44A6-B4CB-EBA97FA20EDF}.Debug.R23|x64.Build.0 = Debug.R23|Any CPU
		{8980071E-2DD3-44A6-B4CB-EBA97FA20EDF}.Debug.R23|x86.ActiveCfg = Debug.R23|Any CPU
		{8980071E-2DD3-44A6-B4CB-EBA97FA20EDF}.Debug.R23|x86.Build.0 = Debug.R23|Any CPU
		{8980071E-2DD3-44A6-B4CB-EBA97FA20EDF}.Debug.R24|Any CPU.ActiveCfg = Debug|Any CPU
		{8980071E-2DD3-44A6-B4CB-EBA97FA20EDF}.Debug.R24|x64.ActiveCfg = Debug.R24|Any CPU
		{8980071E-2DD3-44A6-B4CB-EBA97FA20EDF}.Debug.R24|x64.Build.0 = Debug.R24|Any CPU
		{8980071E-2DD3-44A6-B4CB-EBA97FA20EDF}.Debug.R24|x86.ActiveCfg = Debug.R24|Any CPU
		{8980071E-2DD3-44A6-B4CB-EBA97FA20EDF}.Debug.R24|x86.Build.0 = Debug.R24|Any CPU
		{8980071E-2DD3-44A6-B4CB-EBA97FA20EDF}.Debug.R25|Any CPU.ActiveCfg = Debug|Any CPU
		{8980071E-2DD3-44A6-B4CB-EBA97FA20EDF}.Debug.R25|x64.ActiveCfg = Debug.R25|Any CPU
		{8980071E-2DD3-44A6-B4CB-EBA97FA20EDF}.Debug.R25|x64.Build.0 = Debug.R25|Any CPU
		{8980071E-2DD3-44A6-B4CB-EBA97FA20EDF}.Debug.R25|x86.ActiveCfg = Debug.R25|Any CPU
		{8980071E-2DD3-44A6-B4CB-EBA97FA20EDF}.Debug.R25|x86.Build.0 = Debug.R25|Any CPU
		{8980071E-2DD3-44A6-B4CB-EBA97FA20EDF}.Debug.R26|Any CPU.ActiveCfg = Debug|Any CPU
		{8980071E-2DD3-44A6-B4CB-EBA97FA20EDF}.Debug.R26|x64.ActiveCfg = Debug.R26|Any CPU
		{8980071E-2DD3-44A6-B4CB-EBA97FA20EDF}.Debug.R26|x64.Build.0 = Debug.R26|Any CPU
		{8980071E-2DD3-44A6-B4CB-EBA97FA20EDF}.Debug.R26|x86.ActiveCfg = Debug.R26|Any CPU
		{8980071E-2DD3-44A6-B4CB-EBA97FA20EDF}.Debug.R26|x86.Build.0 = Debug.R26|Any CPU
		{8980071E-2DD3-44A6-B4CB-EBA97FA20EDF}.Debug.R27|Any CPU.ActiveCfg = Debug|Any CPU
		{8980071E-2DD3-44A6-B4CB-EBA97FA20EDF}.Debug.R27|x64.ActiveCfg = Debug.R27|Any CPU
		{8980071E-2DD3-44A6-B4CB-EBA97FA20EDF}.Debug.R27|x64.Build.0 = Debug.R27|Any CPU
		{8980071E-2DD3-44A6-B4CB-EBA97FA20EDF}.Debug.R27|x86.ActiveCfg = Debug.R27|Any CPU
		{8980071E-2DD3-44A6-B4CB-EBA97FA20EDF}.Debug.R27|x86.Build.0 = Debug.R27|Any CPU
		{8980071E-2DD3-44A6-B4CB-EBA97FA20EDF}.Release.R23|Any CPU.ActiveCfg = Release|Any CPU
		{8980071E-2DD3-44A6-B4CB-EBA97FA20EDF}.Release.R23|x64.ActiveCfg = Release.R23|Any CPU
		{8980071E-2DD3-44A6-B4CB-EBA97FA20EDF}.Release.R23|x64.Build.0 = Release.R23|Any CPU
		{8980071E-2DD3-44A6-B4CB-EBA97FA20EDF}.Release.R23|x86.ActiveCfg = Release.R23|Any CPU
		{8980071E-2DD3-44A6-B4CB-EBA97FA20EDF}.Release.R23|x86.Build.0 = Release.R23|Any CPU
		{8980071E-2DD3-44A6-B4CB-EBA97FA20EDF}.Release.R24|Any CPU.ActiveCfg = Release|Any CPU
		{8980071E-2DD3-44A6-B4CB-EBA97FA20EDF}.Release.R24|x64.ActiveCfg = Release.R24|Any CPU
		{8980071E-2DD3-44A6-B4CB-EBA97FA20EDF}.Release.R24|x64.Build.0 = Release.R24|Any CPU
		{8980071E-2DD3-44A6-B4CB-EBA97FA20EDF}.Release.R24|x86.ActiveCfg = Release.R24|Any CPU
		{8980071E-2DD3-44A6-B4CB-EBA97FA20EDF}.Release.R24|x86.Build.0 = Release.R24|Any CPU
		{8980071E-2DD3-44A6-B4CB-EBA97FA20EDF}.Release.R25|Any CPU.ActiveCfg = Release|Any CPU
		{8980071E-2DD3-44A6-B4CB-EBA97FA20EDF}.Release.R25|x64.ActiveCfg = Release.R25|Any CPU
		{8980071E-2DD3-44A6-B4CB-EBA97FA20EDF}.Release.R25|x64.Build.0 = Release.R25|Any CPU
		{8980071E-2DD3-44A6-B4CB-EBA97FA20EDF}.Release.R25|x86.ActiveCfg = Release.R25|Any CPU
		{8980071E-2DD3-44A6-B4CB-EBA97FA20EDF}.Release.R25|x86.Build.0 = Release.R25|Any CPU
		{8980071E-2DD3-44A6-B4CB-EBA97FA20EDF}.Release.R26|Any CPU.ActiveCfg = Release|Any CPU
		{8980071E-2DD3-44A6-B4CB-EBA97FA20EDF}.Release.R26|x64.ActiveCfg = Release.R26|Any CPU
		{8980071E-2DD3-44A6-B4CB-EBA97FA20EDF}.Release.R26|x64.Build.0 = Release.R26|Any CPU
		{8980071E-2DD3-44A6-B4CB-EBA97FA20EDF}.Release.R26|x86.ActiveCfg = Release.R26|Any CPU
		{8980071E-2DD3-44A6-B4CB-EBA97FA20EDF}.Release.R26|x86.Build.0 = Release.R26|Any CPU
		{8980071E-2DD3-44A6-B4CB-EBA97FA20EDF}.Release.R27|Any CPU.ActiveCfg = Release|Any CPU
		{8980071E-2DD3-44A6-B4CB-EBA97FA20EDF}.Release.R27|x64.ActiveCfg = Release.R27|Any CPU
		{8980071E-2DD3-44A6-B4CB-EBA97FA20EDF}.Release.R27|x64.Build.0 = Release.R27|Any CPU
		{8980071E-2DD3-44A6-B4CB-EBA97FA20EDF}.Release.R27|x86.ActiveCfg = Release.R27|Any CPU
		{8980071E-2DD3-44A6-B4CB-EBA97FA20EDF}.Release.R27|x86.Build.0 = Release.R27|Any CPU
		{8980071E-2DD3-44A6-B4CB-EBA97FA20EDF}.Debug|Any CPU.ActiveCfg = Debug|Any CPU
		{8980071E-2DD3-44A6-B4CB-EBA97FA20EDF}.Debug|Any CPU.Build.0 = Debug|Any CPU
		{8980071E-2DD3-44A6-B4CB-EBA97FA20EDF}.Debug|x64.ActiveCfg = Debug|Any CPU
		{8980071E-2DD3-44A6-B4CB-EBA97FA20EDF}.Debug|x64.Build.0 = Debug|Any CPU
		{8980071E-2DD3-44A6-B4CB-EBA97FA20EDF}.Debug|x86.ActiveCfg = Debug|Any CPU
		{8980071E-2DD3-44A6-B4CB-EBA97FA20EDF}.Debug|x86.Build.0 = Debug|Any CPU
		{8980071E-2DD3-44A6-B4CB-EBA97FA20EDF}.Release|Any CPU.ActiveCfg = Release|Any CPU
		{8980071E-2DD3-44A6-B4CB-EBA97FA20EDF}.Release|Any CPU.Build.0 = Release|Any CPU
		{8980071E-2DD3-44A6-B4CB-EBA97FA20EDF}.Release|x64.ActiveCfg = Release|Any CPU
		{8980071E-2DD3-44A6-B4CB-EBA97FA20EDF}.Release|x64.Build.0 = Release|Any CPU
		{8980071E-2DD3-44A6-B4CB-EBA97FA20EDF}.Release|x86.ActiveCfg = Release|Any CPU
		{8980071E-2DD3-44A6-B4CB-EBA97FA20EDF}.Release|x86.Build.0 = Release|Any CPU
		{6E3A6CAB-6B14-4AC0-9D5E-C9C43895BC79}.Debug.R23|Any CPU.ActiveCfg = Debug.R23|Any CPU
		{6E3A6CAB-6B14-4AC0-9D5E-C9C43895BC79}.Debug.R23|Any CPU.Build.0 = Debug.R23|Any CPU
		{6E3A6CAB-6B14-4AC0-9D5E-C9C43895BC79}.Debug.R23|x64.ActiveCfg = Debug.R23|Any CPU
		{6E3A6CAB-6B14-4AC0-9D5E-C9C43895BC79}.Debug.R23|x64.Build.0 = Debug.R23|Any CPU
		{6E3A6CAB-6B14-4AC0-9D5E-C9C43895BC79}.Debug.R23|x86.ActiveCfg = Debug.R23|Any CPU
		{6E3A6CAB-6B14-4AC0-9D5E-C9C43895BC79}.Debug.R23|x86.Build.0 = Debug.R23|Any CPU
		{6E3A6CAB-6B14-4AC0-9D5E-C9C43895BC79}.Debug.R24|Any CPU.ActiveCfg = Debug.R24|Any CPU
		{6E3A6CAB-6B14-4AC0-9D5E-C9C43895BC79}.Debug.R24|Any CPU.Build.0 = Debug.R24|Any CPU
		{6E3A6CAB-6B14-4AC0-9D5E-C9C43895BC79}.Debug.R24|x64.ActiveCfg = Debug.R24|Any CPU
		{6E3A6CAB-6B14-4AC0-9D5E-C9C43895BC79}.Debug.R24|x64.Build.0 = Debug.R24|Any CPU
		{6E3A6CAB-6B14-4AC0-9D5E-C9C43895BC79}.Debug.R24|x86.ActiveCfg = Debug.R24|Any CPU
		{6E3A6CAB-6B14-4AC0-9D5E-C9C43895BC79}.Debug.R24|x86.Build.0 = Debug.R24|Any CPU
		{6E3A6CAB-6B14-4AC0-9D5E-C9C43895BC79}.Debug.R25|Any CPU.ActiveCfg = Debug.R25|Any CPU
		{6E3A6CAB-6B14-4AC0-9D5E-C9C43895BC79}.Debug.R25|Any CPU.Build.0 = Debug.R25|Any CPU
		{6E3A6CAB-6B14-4AC0-9D5E-C9C43895BC79}.Debug.R25|x64.ActiveCfg = Debug.R25|Any CPU
		{6E3A6CAB-6B14-4AC0-9D5E-C9C43895BC79}.Debug.R25|x64.Build.0 = Debug.R25|Any CPU
		{6E3A6CAB-6B14-4AC0-9D5E-C9C43895BC79}.Debug.R25|x86.ActiveCfg = Debug.R25|Any CPU
		{6E3A6CAB-6B14-4AC0-9D5E-C9C43895BC79}.Debug.R25|x86.Build.0 = Debug.R25|Any CPU
		{6E3A6CAB-6B14-4AC0-9D5E-C9C43895BC79}.Debug.R26|Any CPU.ActiveCfg = Debug.R26|Any CPU
		{6E3A6CAB-6B14-4AC0-9D5E-C9C43895BC79}.Debug.R26|Any CPU.Build.0 = Debug.R26|Any CPU
		{6E3A6CAB-6B14-4AC0-9D5E-C9C43895BC79}.Debug.R26|x64.ActiveCfg = Debug.R26|Any CPU
		{6E3A6CAB-6B14-4AC0-9D5E-C9C43895BC79}.Debug.R26|x64.Build.0 = Debug.R26|Any CPU
		{6E3A6CAB-6B14-4AC0-9D5E-C9C43895BC79}.Debug.R26|x86.ActiveCfg = Debug.R26|Any CPU
		{6E3A6CAB-6B14-4AC0-9D5E-C9C43895BC79}.Debug.R26|x86.Build.0 = Debug.R26|Any CPU
		{6E3A6CAB-6B14-4AC0-9D5E-C9C43895BC79}.Debug.R27|Any CPU.ActiveCfg = Debug.R27|Any CPU
		{6E3A6CAB-6B14-4AC0-9D5E-C9C43895BC79}.Debug.R27|Any CPU.Build.0 = Debug.R27|Any CPU
		{6E3A6CAB-6B14-4AC0-9D5E-C9C43895BC79}.Debug.R27|x64.ActiveCfg = Debug.R27|Any CPU
		{6E3A6CAB-6B14-4AC0-9D5E-C9C43895BC79}.Debug.R27|x64.Build.0 = Debug.R27|Any CPU
		{6E3A6CAB-6B14-4AC0-9D5E-C9C43895BC79}.Debug.R27|x86.ActiveCfg = Debug.R27|Any CPU
		{6E3A6CAB-6B14-4AC0-9D5E-C9C43895BC79}.Debug.R27|x86.Build.0 = Debug.R27|Any CPU
		{6E3A6CAB-6B14-4AC0-9D5E-C9C43895BC79}.Release.R23|Any CPU.ActiveCfg = Release.R23|Any CPU
		{6E3A6CAB-6B14-4AC0-9D5E-C9C43895BC79}.Release.R23|Any CPU.Build.0 = Release.R23|Any CPU
		{6E3A6CAB-6B14-4AC0-9D5E-C9C43895BC79}.Release.R23|x64.ActiveCfg = Release.R23|Any CPU
		{6E3A6CAB-6B14-4AC0-9D5E-C9C43895BC79}.Release.R23|x64.Build.0 = Release.R23|Any CPU
		{6E3A6CAB-6B14-4AC0-9D5E-C9C43895BC79}.Release.R23|x86.ActiveCfg = Release.R23|Any CPU
		{6E3A6CAB-6B14-4AC0-9D5E-C9C43895BC79}.Release.R23|x86.Build.0 = Release.R23|Any CPU
		{6E3A6CAB-6B14-4AC0-9D5E-C9C43895BC79}.Release.R24|Any CPU.ActiveCfg = Release.R24|Any CPU
		{6E3A6CAB-6B14-4AC0-9D5E-C9C43895BC79}.Release.R24|Any CPU.Build.0 = Release.R24|Any CPU
		{6E3A6CAB-6B14-4AC0-9D5E-C9C43895BC79}.Release.R24|x64.ActiveCfg = Release.R24|Any CPU
		{6E3A6CAB-6B14-4AC0-9D5E-C9C43895BC79}.Release.R24|x64.Build.0 = Release.R24|Any CPU
		{6E3A6CAB-6B14-4AC0-9D5E-C9C43895BC79}.Release.R24|x86.ActiveCfg = Release.R24|Any CPU
		{6E3A6CAB-6B14-4AC0-9D5E-C9C43895BC79}.Release.R24|x86.Build.0 = Release.R24|Any CPU
		{6E3A6CAB-6B14-4AC0-9D5E-C9C43895BC79}.Release.R25|Any CPU.ActiveCfg = Release.R25|Any CPU
		{6E3A6CAB-6B14-4AC0-9D5E-C9C43895BC79}.Release.R25|Any CPU.Build.0 = Release.R25|Any CPU
		{6E3A6CAB-6B14-4AC0-9D5E-C9C43895BC79}.Release.R25|x64.ActiveCfg = Release.R25|Any CPU
		{6E3A6CAB-6B14-4AC0-9D5E-C9C43895BC79}.Release.R25|x64.Build.0 = Release.R25|Any CPU
		{6E3A6CAB-6B14-4AC0-9D5E-C9C43895BC79}.Release.R25|x86.ActiveCfg = Release.R25|Any CPU
		{6E3A6CAB-6B14-4AC0-9D5E-C9C43895BC79}.Release.R25|x86.Build.0 = Release.R25|Any CPU
		{6E3A6CAB-6B14-4AC0-9D5E-C9C43895BC79}.Release.R26|Any CPU.ActiveCfg = Release.R26|Any CPU
		{6E3A6CAB-6B14-4AC0-9D5E-C9C43895BC79}.Release.R26|Any CPU.Build.0 = Release.R26|Any CPU
		{6E3A6CAB-6B14-4AC0-9D5E-C9C43895BC79}.Release.R26|x64.ActiveCfg = Release.R26|Any CPU
		{6E3A6CAB-6B14-4AC0-9D5E-C9C43895BC79}.Release.R26|x64.Build.0 = Release.R26|Any CPU
		{6E3A6CAB-6B14-4AC0-9D5E-C9C43895BC79}.Release.R26|x86.ActiveCfg = Release.R26|Any CPU
		{6E3A6CAB-6B14-4AC0-9D5E-C9C43895BC79}.Release.R26|x86.Build.0 = Release.R26|Any CPU
		{6E3A6CAB-6B14-4AC0-9D5E-C9C43895BC79}.Release.R27|Any CPU.ActiveCfg = Release.R27|Any CPU
		{6E3A6CAB-6B14-4AC0-9D5E-C9C43895BC79}.Release.R27|Any CPU.Build.0 = Release.R27|Any CPU
		{6E3A6CAB-6B14-4AC0-9D5E-C9C43895BC79}.Release.R27|x64.ActiveCfg = Release.R27|Any CPU
		{6E3A6CAB-6B14-4AC0-9D5E-C9C43895BC79}.Release.R27|x64.Build.0 = Release.R27|Any CPU
		{6E3A6CAB-6B14-4AC0-9D5E-C9C43895BC79}.Release.R27|x86.ActiveCfg = Release.R27|Any CPU
		{6E3A6CAB-6B14-4AC0-9D5E-C9C43895BC79}.Release.R27|x86.Build.0 = Release.R27|Any CPU
		{6E3A6CAB-6B14-4AC0-9D5E-C9C43895BC79}.Debug|Any CPU.ActiveCfg = Debug.R23|Any CPU
		{6E3A6CAB-6B14-4AC0-9D5E-C9C43895BC79}.Debug|Any CPU.Build.0 = Debug.R23|Any CPU
		{6E3A6CAB-6B14-4AC0-9D5E-C9C43895BC79}.Debug|x64.ActiveCfg = Debug.R23|Any CPU
		{6E3A6CAB-6B14-4AC0-9D5E-C9C43895BC79}.Debug|x64.Build.0 = Debug.R23|Any CPU
		{6E3A6CAB-6B14-4AC0-9D5E-C9C43895BC79}.Debug|x86.ActiveCfg = Debug.R23|Any CPU
		{6E3A6CAB-6B14-4AC0-9D5E-C9C43895BC79}.Debug|x86.Build.0 = Debug.R23|Any CPU
		{6E3A6CAB-6B14-4AC0-9D5E-C9C43895BC79}.Release|Any CPU.ActiveCfg = Debug.R23|Any CPU
		{6E3A6CAB-6B14-4AC0-9D5E-C9C43895BC79}.Release|Any CPU.Build.0 = Debug.R23|Any CPU
		{6E3A6CAB-6B14-4AC0-9D5E-C9C43895BC79}.Release|x64.ActiveCfg = Debug.R23|Any CPU
		{6E3A6CAB-6B14-4AC0-9D5E-C9C43895BC79}.Release|x64.Build.0 = Debug.R23|Any CPU
		{6E3A6CAB-6B14-4AC0-9D5E-C9C43895BC79}.Release|x86.ActiveCfg = Debug.R23|Any CPU
		{6E3A6CAB-6B14-4AC0-9D5E-C9C43895BC79}.Release|x86.Build.0 = Debug.R23|Any CPU
	EndGlobalSection
	GlobalSection(SolutionProperties) = preSolution
		HideSolutionNode = FALSE
	EndGlobalSection
	GlobalSection(NestedProjects) = preSolution
		{5520CDDC-4A92-440F-9AAE-976E0DE1EB80} = {FFFFFFFF-FFFF-FFFF-FFFF-FFFFFFFFFFFF}
		{8980071E-2DD3-44A6-B4CB-EBA97FA20EDF} = {FFFFFFFF-FFFF-FFFF-FFFF-FFFFFFFFFFFF}
		{6E3A6CAB-6B14-4AC0-9D5E-C9C43895BC79} = {B8EFCA5F-814F-285C-A8CB-F00F14650265}
	EndGlobalSection
EndGlobal
